
Microsoft Visual Studio Solution File, Format Version 12.00
# Visual Studio 2012
Project("{F184B08F-C81C-45F6-A57F-5ABD9991F28F}") = "WindowsApplication1", "WindowsApplication1\WindowsApplication1.vbproj", "{D07B022C-E921-4C31-B0A5-0F237C5C1A1C}"
EndProject
Global
	GlobalSection(SolutionConfigurationPlatforms) = preSolution
		Debug|Any CPU = Debug|Any CPU
		Debug|Win32 = Debug|Win32
		Release|Any CPU = Release|Any CPU
		Release|Win32 = Release|Win32
	EndGlobalSection
	GlobalSection(ProjectConfigurationPlatforms) = postSolution
		{D07B022C-E921-4C31-B0A5-0F237C5C1A1C}.Debug|Any CPU.ActiveCfg = Debug|Any CPU
		{D07B022C-E921-4C31-B0A5-0F237C5C1A1C}.Debug|Any CPU.Build.0 = Debug|Any CPU
		{D07B022C-E921-4C31-B0A5-0F237C5C1A1C}.Debug|Win32.ActiveCfg = Debug|Any CPU
		{D07B022C-E921-4C31-B0A5-0F237C5C1A1C}.Release|Any CPU.ActiveCfg = Release|Any CPU
		{D07B022C-E921-4C31-B0A5-0F237C5C1A1C}.Release|Any CPU.Build.0 = Release|Any CPU
		{D07B022C-E921-4C31-B0A5-0F237C5C1A1C}.Release|Win32.ActiveCfg = Release|Any CPU
	EndGlobalSection
	GlobalSection(SolutionProperties) = preSolution
		HideSolutionNode = FALSE
	EndGlobalSection
EndGlobal
